
Microsoft Visual Studio Solution File, Format Version 12.00
# Visual Studio Version 16
VisualStudioVersion = 16.0.32126.315
MinimumVisualStudioVersion = 10.0.40219.1
Project("{FAE04EC0-301F-11D3-BF4B-00C04F79EFBC}") = "TodoListApi", "TodoListApi\TodoListApi.csproj", "{5B8BEE81-C91C-4824-9E75-C19783F12319}"
EndProject
Project("{FAE04EC0-301F-11D3-BF4B-00C04F79EFBC}") = "TodoListApi.Data", "TodoListApi.Data\TodoListApi.Data.csproj", "{6AAD1ABB-A2F3-44F7-A3BE-AD544E2D111F}"
EndProject
Global
	GlobalSection(SolutionConfigurationPlatforms) = preSolution
		Debug|Any CPU = Debug|Any CPU
		Release|Any CPU = Release|Any CPU
	EndGlobalSection
	GlobalSection(ProjectConfigurationPlatforms) = postSolution
		{5B8BEE81-C91C-4824-9E75-C19783F12319}.Debug|Any CPU.ActiveCfg = Debug|Any CPU
		{5B8BEE81-C91C-4824-9E75-C19783F12319}.Debug|Any CPU.Build.0 = Debug|Any CPU
		{5B8BEE81-C91C-4824-9E75-C19783F12319}.Release|Any CPU.ActiveCfg = Release|Any CPU
		{5B8BEE81-C91C-4824-9E75-C19783F12319}.Release|Any CPU.Build.0 = Release|Any CPU
		{6AAD1ABB-A2F3-44F7-A3BE-AD544E2D111F}.Debug|Any CPU.ActiveCfg = Debug|Any CPU
		{6AAD1ABB-A2F3-44F7-A3BE-AD544E2D111F}.Debug|Any CPU.Build.0 = Debug|Any CPU
		{6AAD1ABB-A2F3-44F7-A3BE-AD544E2D111F}.Release|Any CPU.ActiveCfg = Release|Any CPU
		{6AAD1ABB-A2F3-44F7-A3BE-AD544E2D111F}.Release|Any CPU.Build.0 = Release|Any CPU
	EndGlobalSection
	GlobalSection(SolutionProperties) = preSolution
		HideSolutionNode = FALSE
	EndGlobalSection
	GlobalSection(ExtensibilityGlobals) = postSolution
		SolutionGuid = {7C571301-E1C5-493D-8679-AEF1E9BE0291}
	EndGlobalSection
EndGlobal
